// !$*UTF8*$!
{
	archiveVersion = 1;
	classes = {
	};
	objectVersion = 46;
	objects = {

/* Begin PBXBuildFile section */
		05C81FBA1E048FA300641C99 /* AppDelegate.swift in Sources */ = {isa = PBXBuildFile; fileRef = 05C81FB91E048FA300641C99 /* AppDelegate.swift */; };
		05C81FBC1E048FA300641C99 /* ViewController.swift in Sources */ = {isa = PBXBuildFile; fileRef = 05C81FBB1E048FA300641C99 /* ViewController.swift */; };
		05C81FBF1E048FA300641C99 /* Main.storyboard in Resources */ = {isa = PBXBuildFile; fileRef = 05C81FBD1E048FA300641C99 /* Main.storyboard */; };
		05C81FC11E048FA300641C99 /* Assets.xcassets in Resources */ = {isa = PBXBuildFile; fileRef = 05C81FC01E048FA300641C99 /* Assets.xcassets */; };
		05C81FC41E048FA300641C99 /* LaunchScreen.storyboard in Resources */ = {isa = PBXBuildFile; fileRef = 05C81FC21E048FA300641C99 /* LaunchScreen.storyboard */; };
		05C81FCC1E0584EE00641C99 /* RSSXMLParserDelegate.swift in Sources */ = {isa = PBXBuildFile; fileRef = 05C81FCB1E0584EE00641C99 /* RSSXMLParserDelegate.swift */; };
		05C81FD01E05898C00641C99 /* ItemRSS.swift in Sources */ = {isa = PBXBuildFile; fileRef = 05C81FCF1E05898C00641C99 /* ItemRSS.swift */; };
/* End PBXBuildFile section */

/* Begin PBXFileReference section */
		05C81FB61E048FA300641C99 /* Exemple_RSS.app */ = {isa = PBXFileReference; explicitFileType = wrapper.application; includeInIndex = 0; path = Exemple_RSS.app; sourceTree = BUILT_PRODUCTS_DIR; };
		05C81FB91E048FA300641C99 /* AppDelegate.swift */ = {isa = PBXFileReference; lastKnownFileType = sourcecode.swift; path = AppDelegate.swift; sourceTree = "<group>"; };
		05C81FBB1E048FA300641C99 /* ViewController.swift */ = {isa = PBXFileReference; lastKnownFileType = sourcecode.swift; path = ViewController.swift; sourceTree = "<group>"; };
		05C81FBE1E048FA300641C99 /* Base */ = {isa = PBXFileReference; lastKnownFileType = file.storyboard; name = Base; path = Base.lproj/Main.storyboard; sourceTree = "<group>"; };
		05C81FC01E048FA300641C99 /* Assets.xcassets */ = {isa = PBXFileReference; lastKnownFileType = folder.assetcatalog; path = Assets.xcassets; sourceTree = "<group>"; };
		05C81FC31E048FA300641C99 /* Base */ = {isa = PBXFileReference; lastKnownFileType = file.storyboard; name = Base; path = Base.lproj/LaunchScreen.storyboard; sourceTree = "<group>"; };
		05C81FC51E048FA300641C99 /* Info.plist */ = {isa = PBXFileReference; lastKnownFileType = text.plist.xml; path = Info.plist; sourceTree = "<group>"; };
		05C81FCB1E0584EE00641C99 /* RSSXMLParserDelegate.swift */ = {isa = PBXFileReference; fileEncoding = 4; lastKnownFileType = sourcecode.swift; path = RSSXMLParserDelegate.swift; sourceTree = "<group>"; };
		05C81FCF1E05898C00641C99 /* ItemRSS.swift */ = {isa = PBXFileReference; fileEncoding = 4; lastKnownFileType = sourcecode.swift; path = ItemRSS.swift; sourceTree = "<group>"; };
/* End PBXFileReference section */

/* Begin PBXFrameworksBuildPhase section */
		05C81FB31E048FA300641C99 /* Frameworks */ = {
			isa = PBXFrameworksBuildPhase;
			buildActionMask = 2147483647;
			files = (
			);
			runOnlyForDeploymentPostprocessing = 0;
		};
/* End PBXFrameworksBuildPhase section */

/* Begin PBXGroup section */
		05C81FAD1E048FA300641C99 = {
			isa = PBXGroup;
			children = (
				05C81FB81E048FA300641C99 /* Exemple_RSS */,
				05C81FB71E048FA300641C99 /* Products */,
			);
			sourceTree = "<group>";
		};
		05C81FB71E048FA300641C99 /* Products */ = {
			isa = PBXGroup;
			children = (
				05C81FB61E048FA300641C99 /* Exemple_RSS.app */,
			);
			name = Products;
			sourceTree = "<group>";
		};
		05C81FB81E048FA300641C99 /* Exemple_RSS */ = {
			isa = PBXGroup;
			children = (
				05C81FB91E048FA300641C99 /* AppDelegate.swift */,
				05C81FBB1E048FA300641C99 /* ViewController.swift */,
				05C81FBD1E048FA300641C99 /* Main.storyboard */,
				05C81FC01E048FA300641C99 /* Assets.xcassets */,
				05C81FC21E048FA300641C99 /* LaunchScreen.storyboard */,
				05C81FC51E048FA300641C99 /* Info.plist */,
				05C81FCB1E0584EE00641C99 /* RSSXMLParserDelegate.swift */,
				05C81FCF1E05898C00641C99 /* ItemRSS.swift */,
			);
			path = Exemple_RSS;
			sourceTree = "<group>";
		};
/* End PBXGroup section */

/* Begin PBXNativeTarget section */
		05C81FB51E048FA300641C99 /* Exemple_RSS */ = {
			isa = PBXNativeTarget;
			buildConfigurationList = 05C81FC81E048FA300641C99 /* Build configuration list for PBXNativeTarget "Exemple_RSS" */;
			buildPhases = (
				05C81FB21E048FA300641C99 /* Sources */,
				05C81FB31E048FA300641C99 /* Frameworks */,
				05C81FB41E048FA300641C99 /* Resources */,
			);
			buildRules = (
			);
			dependencies = (
			);
			name = Exemple_RSS;
			productName = Exemple_RSS;
			productReference = 05C81FB61E048FA300641C99 /* Exemple_RSS.app */;
			productType = "com.apple.product-type.application";
		};
/* End PBXNativeTarget section */

/* Begin PBXProject section */
		05C81FAE1E048FA300641C99 /* Project object */ = {
			isa = PBXProject;
			attributes = {
				LastSwiftUpdateCheck = 0810;
				LastUpgradeCheck = 0810;
				ORGANIZATIONNAME = PetitGrigri;
				TargetAttributes = {
					05C81FB51E048FA300641C99 = {
						CreatedOnToolsVersion = 8.1;
						ProvisioningStyle = Automatic;
					};
				};
			};
			buildConfigurationList = 05C81FB11E048FA300641C99 /* Build configuration list for PBXProject "Exemple_RSS" */;
			compatibilityVersion = "Xcode 3.2";
			developmentRegion = English;
			hasScannedForEncodings = 0;
			knownRegions = (
				en,
				Base,
			);
			mainGroup = 05C81FAD1E048FA300641C99;
			productRefGroup = 05C81FB71E048FA300641C99 /* Products */;
			projectDirPath = "";
			projectRoot = "";
			targets = (
				05C81FB51E048FA300641C99 /* Exemple_RSS */,
			);
		};
/* End PBXProject section */

/* Begin PBXResourcesBuildPhase section */
		05C81FB41E048FA300641C99 /* Resources */ = {
			isa = PBXResourcesBuildPhase;
			buildActionMask = 2147483647;
			files = (
				05C81FC41E048FA300641C99 /* LaunchScreen.storyboard in Resources */,
				05C81FC11E048FA300641C99 /* Assets.xcassets in Resources */,
				05C81FBF1E048FA300641C99 /* Main.storyboard in Resources */,
			);
			runOnlyForDeploymentPostprocessing = 0;
		};
/* End PBXResourcesBuildPhase section */

/* Begin PBXSourcesBuildPhase section */
		05C81FB21E048FA300641C99 /* Sources */ = {
			isa = PBXSourcesBuildPhase;
			buildActionMask = 2147483647;
			files = (
				05C81FD01E05898C00641C99 /* ItemRSS.swift in Sources */,
				05C81FBC1E048FA300641C99 /* ViewController.swift in Sources */,
				05C81FCC1E0584EE00641C99 /* RSSXMLParserDelegate.swift in Sources */,
				05C81FBA1E048FA300641C99 /* AppDelegate.swift in Sources */,
			);
			runOnlyForDeploymentPostprocessing = 0;
		};
/* End PBXSourcesBuildPhase section */

/* Begin PBXVariantGroup section */
		05C81FBD1E048FA300641C99 /* Main.storyboard */ = {
			isa = PBXVariantGroup;
			children = (
				05C81FBE1E048FA300641C99 /* Base */,
			);
			name = Main.storyboard;
			sourceTree = "<group>";
		};
		05C81FC21E048FA300641C99 /* LaunchScreen.storyboard */ = {
			isa = PBXVariantGroup;
			children = (
				05C81FC31E048FA300641C99 /* Base */,
			);
			name = LaunchScreen.storyboard;
			sourceTree = "<group>";
		};
/* End PBXVariantGroup section */

/* Begin XCBuildConfiguration section */
		05C81FC61E048FA300641C99 /* Debug */ = {
			isa = XCBuildConfiguration;
			buildSettings = {
				ALWAYS_SEARCH_USER_PATHS = NO;
				CLANG_ANALYZER_NONNULL = YES;
				CLANG_CXX_LANGUAGE_STANDARD = "gnu++0x";
				CLANG_CXX_LIBRARY = "libc++";
				CLANG_ENABLE_MODULES = YES;
				CLANG_ENABLE_OBJC_ARC = YES;
				CLANG_WARN_BOOL_CONVERSION = YES;
				CLANG_WARN_CONSTANT_CONVERSION = YES;
				CLANG_WARN_DIRECT_OBJC_ISA_USAGE = YES_ERROR;
				CLANG_WARN_DOCUMENTATION_COMMENTS = YES;
				CLANG_WARN_EMPTY_BODY = YES;
				CLANG_WARN_ENUM_CONVERSION = YES;
				CLANG_WARN_INFINITE_RECURSION = YES;
				CLANG_WARN_INT_CONVERSION = YES;
				CLANG_WARN_OBJC_ROOT_CLASS = YES_ERROR;
				CLANG_WARN_SUSPICIOUS_MOVES = YES;
				CLANG_WARN_UNREACHABLE_CODE = YES;
				CLANG_WARN__DUPLICATE_METHOD_MATCH = YES;
				"CODE_SIGN_IDENTITY[sdk=iphoneos*]" = "iPhone Developer";
				COPY_PHASE_STRIP = NO;
				DEBUG_INFORMATION_FORMAT = dwarf;
				ENABLE_STRICT_OBJC_MSGSEND = YES;
				ENABLE_TESTABILITY = YES;
				GCC_C_LANGUAGE_STANDARD = gnu99;
				GCC_DYNAMIC_NO_PIC = NO;
				GCC_NO_COMMON_BLOCKS = YES;
				GCC_OPTIMIZATION_LEVEL = 0;
				GCC_PREPROCESSOR_DEFINITIONS = (
					"DEBUG=1",
					"$(inherited)",
				);
				GCC_WARN_64_TO_32_BIT_CONVERSION = YES;
				GCC_WARN_ABOUT_RETURN_TYPE = YES_ERROR;
				GCC_WARN_UNDECLARED_SELECTOR = YES;
				GCC_WARN_UNINITIALIZED_AUTOS = YES_AGGRESSIVE;
				GCC_WARN_UNUSED_FUNCTION = YES;
				GCC_WARN_UNUSED_VARIABLE = YES;
				IPHONEOS_DEPLOYMENT_TARGET = 10.1;
				MTL_ENABLE_DEBUG_INFO = YES;
				ONLY_ACTIVE_ARCH = YES;
				SDKROOT = iphoneos;
				SWIFT_ACTIVE_COMPILATION_CONDITIONS = DEBUG;
				SWIFT_OPTIMIZATION_LEVEL = "-Onone";
			};
			name = Debug;
		};
		05C81FC71E048FA300641C99 /* Release */ = {
			isa = XCBuildConfiguration;
			buildSettings = {
				ALWAYS_SEARCH_USER_PATHS = NO;
				CLANG_ANALYZER_NONNULL = YES;
				CLANG_CXX_LANGUAGE_STANDARD = "gnu++0x";
				CLANG_CXX_LIBRARY = "libc++";
				CLANG_ENABLE_MODULES = YES;
				CLANG_ENABLE_OBJC_ARC = YES;
				CLANG_WARN_BOOL_CONVERSION = YES;
				CLANG_WARN_CONSTANT_CONVERSION = YES;
				CLANG_WARN_DIRECT_OBJC_ISA_USAGE = YES_ERROR;
				CLANG_WARN_DOCUMENTATION_COMMENTS = YES;
				CLANG_WARN_EMPTY_BODY = YES;
				CLANG_WARN_ENUM_CONVERSION = YES;
				CLANG_WARN_INFINITE_RECURSION = YES;
				CLANG_WARN_INT_CONVERSION = YES;
				CLANG_WARN_OBJC_ROOT_CLASS = YES_ERROR;
				CLANG_WARN_SUSPICIOUS_MOVES = YES;
				CLANG_WARN_UNREACHABLE_CODE = YES;
				CLANG_WARN__DUPLICATE_METHOD_MATCH = YES;
				"CODE_SIGN_IDENTITY[sdk=iphoneos*]" = "iPhone Developer";
				COPY_PHASE_STRIP = NO;
				DEBUG_INFORMATION_FORMAT = "dwarf-with-dsym";
				ENABLE_NS_ASSERTIONS = NO;
				ENABLE_STRICT_OBJC_MSGSEND = YES;
				GCC_C_LANGUAGE_STANDARD = gnu99;
				GCC_NO_COMMON_BLOCKS = YES;
				GCC_WARN_64_TO_32_BIT_CONVERSION = YES;
				GCC_WARN_ABOUT_RETURN_TYPE = YES_ERROR;
				GCC_WARN_UNDECLARED_SELECTOR = YES;
				GCC_WARN_UNINITIALIZED_AUTOS = YES_AGGRESSIVE;
				GCC_WARN_UNUSED_FUNCTION = YES;
				GCC_WARN_UNUSED_VARIABLE = YES;
				IPHONEOS_DEPLOYMENT_TARGET = 10.1;
				MTL_ENABLE_DEBUG_INFO = NO;
				SDKROOT = iphoneos;
				SWIFT_OPTIMIZATION_LEVEL = "-Owholemodule";
				VALIDATE_PRODUCT = YES;
			};
			name = Release;
		};
		05C81FC91E048FA300641C99 /* Debug */ = {
			isa = XCBuildConfiguration;
			buildSettings = {
				ASSETCATALOG_COMPILER_APPICON_NAME = AppIcon;
				INFOPLIST_FILE = Exemple_RSS/Info.plist;
				LD_RUNPATH_SEARCH_PATHS = "$(inherited) @executable_path/Frameworks";
				PRODUCT_BUNDLE_IDENTIFIER = "com.petitgrigri.Exemple-RSS";
				PRODUCT_NAME = "$(TARGET_NAME)";
				SWIFT_VERSION = 3.0;
			};
			name = Debug;
		};
		05C81FCA1E048FA300641C99 /* Release */ = {
			isa = XCBuildConfiguration;
			buildSettings = {
				ASSETCATALOG_COMPILER_APPICON_NAME = AppIcon;
				INFOPLIST_FILE = Exemple_RSS/Info.plist;
				LD_RUNPATH_SEARCH_PATHS = "$(inherited) @executable_path/Frameworks";
				PRODUCT_BUNDLE_IDENTIFIER = "com.petitgrigri.Exemple-RSS";
				PRODUCT_NAME = "$(TARGET_NAME)";
				SWIFT_VERSION = 3.0;
			};
			name = Release;
		};
/* End XCBuildConfiguration section */

/* Begin XCConfigurationList section */
		05C81FB11E048FA300641C99 /* Build configuration list for PBXProject "Exemple_RSS" */ = {
			isa = XCConfigurationList;
			buildConfigurations = (
				05C81FC61E048FA300641C99 /* Debug */,
				05C81FC71E048FA300641C99 /* Release */,
			);
			defaultConfigurationIsVisible = 0;
			defaultConfigurationName = Release;
		};
		05C81FC81E048FA300641C99 /* Build configuration list for PBXNativeTarget "Exemple_RSS" */ = {
			isa = XCConfigurationList;
			buildConfigurations = (
				05C81FC91E048FA300641C99 /* Debug */,
				05C81FCA1E048FA300641C99 /* Release */,
			);
			defaultConfigurationIsVisible = 0;
		};
/* End XCConfigurationList section */
	};
	rootObject = 05C81FAE1E048FA300641C99 /* Project object */;
}
